// !$*UTF8*$!
{
	archiveVersion = 1;
	classes = {
	};
	objectVersion = 46;
	objects = {

/* Begin PBXBuildFile section */
		A813DAA51CD8C8A0007C01CA /* FeedDetailController.swift in Sources */ = {isa = PBXBuildFile; fileRef = A813DAA41CD8C8A0007C01CA /* FeedDetailController.swift */; };
		A897A79D1CD7E1AC0026DE5D /* ImageCache.swift in Sources */ = {isa = PBXBuildFile; fileRef = A897A79C1CD7E1AC0026DE5D /* ImageCache.swift */; };
		A8E31FEC1CD4C797009BFDF6 /* AppDelegate.swift in Sources */ = {isa = PBXBuildFile; fileRef = A8E31FEB1CD4C797009BFDF6 /* AppDelegate.swift */; };
		A8E31FF11CD4C797009BFDF6 /* Main.storyboard in Resources */ = {isa = PBXBuildFile; fileRef = A8E31FEF1CD4C797009BFDF6 /* Main.storyboard */; };
		A8E31FF31CD4C797009BFDF6 /* Assets.xcassets in Resources */ = {isa = PBXBuildFile; fileRef = A8E31FF21CD4C797009BFDF6 /* Assets.xcassets */; };
		A8E31FF61CD4C797009BFDF6 /* LaunchScreen.storyboard in Resources */ = {isa = PBXBuildFile; fileRef = A8E31FF41CD4C797009BFDF6 /* LaunchScreen.storyboard */; };
		A8E320011CD4C797009BFDF6 /* FlickrFeedTests.swift in Sources */ = {isa = PBXBuildFile; fileRef = A8E320001CD4C797009BFDF6 /* FlickrFeedTests.swift */; };
		A8E320121CD4C9A5009BFDF6 /* Constants.swift in Sources */ = {isa = PBXBuildFile; fileRef = A8E320111CD4C9A5009BFDF6 /* Constants.swift */; };
		A8E320141CD4CA28009BFDF6 /* FeedsViewController.swift in Sources */ = {isa = PBXBuildFile; fileRef = A8E320131CD4CA28009BFDF6 /* FeedsViewController.swift */; };
		A8E320161CD4CC7A009BFDF6 /* FeedItem.swift in Sources */ = {isa = PBXBuildFile; fileRef = A8E320151CD4CC7A009BFDF6 /* FeedItem.swift */; };
		A8E320181CD4CC94009BFDF6 /* FeedItemCell.swift in Sources */ = {isa = PBXBuildFile; fileRef = A8E320171CD4CC94009BFDF6 /* FeedItemCell.swift */; };
		A8E3201A1CD4D282009BFDF6 /* FlickrFeedManager.swift in Sources */ = {isa = PBXBuildFile; fileRef = A8E320191CD4D282009BFDF6 /* FlickrFeedManager.swift */; };
		A8E3201C1CD4E2AE009BFDF6 /* RUUtility.swift in Sources */ = {isa = PBXBuildFile; fileRef = A8E3201B1CD4E2AE009BFDF6 /* RUUtility.swift */; };
		A8E3201E1CD4E6A8009BFDF6 /* RUExtensions.swift in Sources */ = {isa = PBXBuildFile; fileRef = A8E3201D1CD4E6A8009BFDF6 /* RUExtensions.swift */; };
		A8E320201CD69195009BFDF6 /* ImageDownloader.swift in Sources */ = {isa = PBXBuildFile; fileRef = A8E3201F1CD69195009BFDF6 /* ImageDownloader.swift */; };
		A8E320221CD698E9009BFDF6 /* SessionManager.swift in Sources */ = {isa = PBXBuildFile; fileRef = A8E320211CD698E9009BFDF6 /* SessionManager.swift */; };
/* End PBXBuildFile section */

/* Begin PBXContainerItemProxy section */
		A8E31FFD1CD4C797009BFDF6 /* PBXContainerItemProxy */ = {
			isa = PBXContainerItemProxy;
			containerPortal = A8E31FE01CD4C797009BFDF6 /* Project object */;
			proxyType = 1;
			remoteGlobalIDString = A8E31FE71CD4C797009BFDF6;
			remoteInfo = FlickrFeed;
		};
/* End PBXContainerItemProxy section */

/* Begin PBXFileReference section */
		A813DAA41CD8C8A0007C01CA /* FeedDetailController.swift */ = {isa = PBXFileReference; fileEncoding = 4; lastKnownFileType = sourcecode.swift; path = FeedDetailController.swift; sourceTree = "<group>"; };
		A897A79C1CD7E1AC0026DE5D /* ImageCache.swift */ = {isa = PBXFileReference; fileEncoding = 4; lastKnownFileType = sourcecode.swift; path = ImageCache.swift; sourceTree = "<group>"; };
		A8E31FE81CD4C797009BFDF6 /* FlickrFeed.app */ = {isa = PBXFileReference; explicitFileType = wrapper.application; includeInIndex = 0; path = FlickrFeed.app; sourceTree = BUILT_PRODUCTS_DIR; };
		A8E31FEB1CD4C797009BFDF6 /* AppDelegate.swift */ = {isa = PBXFileReference; lastKnownFileType = sourcecode.swift; path = AppDelegate.swift; sourceTree = "<group>"; };
		A8E31FF01CD4C797009BFDF6 /* Base */ = {isa = PBXFileReference; lastKnownFileType = file.storyboard; name = Base; path = Base.lproj/Main.storyboard; sourceTree = "<group>"; };
		A8E31FF21CD4C797009BFDF6 /* Assets.xcassets */ = {isa = PBXFileReference; lastKnownFileType = folder.assetcatalog; path = Assets.xcassets; sourceTree = "<group>"; };
		A8E31FF51CD4C797009BFDF6 /* Base */ = {isa = PBXFileReference; lastKnownFileType = file.storyboard; name = Base; path = Base.lproj/LaunchScreen.storyboard; sourceTree = "<group>"; };
		A8E31FF71CD4C797009BFDF6 /* Info.plist */ = {isa = PBXFileReference; lastKnownFileType = text.plist.xml; path = Info.plist; sourceTree = "<group>"; };
		A8E31FFC1CD4C797009BFDF6 /* FlickrFeedTests.xctest */ = {isa = PBXFileReference; explicitFileType = wrapper.cfbundle; includeInIndex = 0; path = FlickrFeedTests.xctest; sourceTree = BUILT_PRODUCTS_DIR; };
		A8E320001CD4C797009BFDF6 /* FlickrFeedTests.swift */ = {isa = PBXFileReference; lastKnownFileType = sourcecode.swift; path = FlickrFeedTests.swift; sourceTree = "<group>"; };
		A8E320021CD4C797009BFDF6 /* Info.plist */ = {isa = PBXFileReference; lastKnownFileType = text.plist.xml; path = Info.plist; sourceTree = "<group>"; };
		A8E320111CD4C9A5009BFDF6 /* Constants.swift */ = {isa = PBXFileReference; fileEncoding = 4; lastKnownFileType = sourcecode.swift; path = Constants.swift; sourceTree = "<group>"; };
		A8E320131CD4CA28009BFDF6 /* FeedsViewController.swift */ = {isa = PBXFileReference; fileEncoding = 4; lastKnownFileType = sourcecode.swift; path = FeedsViewController.swift; sourceTree = "<group>"; };
		A8E320151CD4CC7A009BFDF6 /* FeedItem.swift */ = {isa = PBXFileReference; fileEncoding = 4; lastKnownFileType = sourcecode.swift; path = FeedItem.swift; sourceTree = "<group>"; };
		A8E320171CD4CC94009BFDF6 /* FeedItemCell.swift */ = {isa = PBXFileReference; fileEncoding = 4; lastKnownFileType = sourcecode.swift; path = FeedItemCell.swift; sourceTree = "<group>"; };
		A8E320191CD4D282009BFDF6 /* FlickrFeedManager.swift */ = {isa = PBXFileReference; fileEncoding = 4; lastKnownFileType = sourcecode.swift; path = FlickrFeedManager.swift; sourceTree = "<group>"; };
		A8E3201B1CD4E2AE009BFDF6 /* RUUtility.swift */ = {isa = PBXFileReference; fileEncoding = 4; lastKnownFileType = sourcecode.swift; path = RUUtility.swift; sourceTree = "<group>"; };
		A8E3201D1CD4E6A8009BFDF6 /* RUExtensions.swift */ = {isa = PBXFileReference; fileEncoding = 4; lastKnownFileType = sourcecode.swift; path = RUExtensions.swift; sourceTree = "<group>"; };
		A8E3201F1CD69195009BFDF6 /* ImageDownloader.swift */ = {isa = PBXFileReference; fileEncoding = 4; lastKnownFileType = sourcecode.swift; path = ImageDownloader.swift; sourceTree = "<group>"; };
		A8E320211CD698E9009BFDF6 /* SessionManager.swift */ = {isa = PBXFileReference; fileEncoding = 4; lastKnownFileType = sourcecode.swift; path = SessionManager.swift; sourceTree = "<group>"; };
/* End PBXFileReference section */

/* Begin PBXFrameworksBuildPhase section */
		A8E31FE51CD4C797009BFDF6 /* Frameworks */ = {
			isa = PBXFrameworksBuildPhase;
			buildActionMask = 2147483647;
			files = (
			);
			runOnlyForDeploymentPostprocessing = 0;
		};
		A8E31FF91CD4C797009BFDF6 /* Frameworks */ = {
			isa = PBXFrameworksBuildPhase;
			buildActionMask = 2147483647;
			files = (
			);
			runOnlyForDeploymentPostprocessing = 0;
		};
/* End PBXFrameworksBuildPhase section */

/* Begin PBXGroup section */
		A8E31FDF1CD4C797009BFDF6 = {
			isa = PBXGroup;
			children = (
				A8E31FEA1CD4C797009BFDF6 /* FlickrFeed */,
				A8E31FFF1CD4C797009BFDF6 /* FlickrFeedTests */,
				A8E31FE91CD4C797009BFDF6 /* Products */,
			);
			sourceTree = "<group>";
		};
		A8E31FE91CD4C797009BFDF6 /* Products */ = {
			isa = PBXGroup;
			children = (
				A8E31FE81CD4C797009BFDF6 /* FlickrFeed.app */,
				A8E31FFC1CD4C797009BFDF6 /* FlickrFeedTests.xctest */,
			);
			name = Products;
			sourceTree = "<group>";
		};
		A8E31FEA1CD4C797009BFDF6 /* FlickrFeed */ = {
			isa = PBXGroup;
			children = (
				A8E320111CD4C9A5009BFDF6 /* Constants.swift */,
				A8E31FEB1CD4C797009BFDF6 /* AppDelegate.swift */,
				A8E31FEF1CD4C797009BFDF6 /* Main.storyboard */,
				A8E31FF21CD4C797009BFDF6 /* Assets.xcassets */,
				A8E31FF41CD4C797009BFDF6 /* LaunchScreen.storyboard */,
				A8E31FF71CD4C797009BFDF6 /* Info.plist */,
				A8E3200D1CD4C92A009BFDF6 /* Utilities */,
				A8E3200C1CD4C92A009BFDF6 /* Models */,
				A8E3200F1CD4C92A009BFDF6 /* Views */,
				A8E3200B1CD4C92A009BFDF6 /* Controllers */,
				A8E320101CD4C94D009BFDF6 /* Resources */,
			);
			path = FlickrFeed;
			sourceTree = "<group>";
		};
		A8E31FFF1CD4C797009BFDF6 /* FlickrFeedTests */ = {
			isa = PBXGroup;
			children = (
				A8E320001CD4C797009BFDF6 /* FlickrFeedTests.swift */,
				A8E320021CD4C797009BFDF6 /* Info.plist */,
			);
			path = FlickrFeedTests;
			sourceTree = "<group>";
		};
		A8E3200B1CD4C92A009BFDF6 /* Controllers */ = {
			isa = PBXGroup;
			children = (
				A8E320131CD4CA28009BFDF6 /* FeedsViewController.swift */,
				A813DAA41CD8C8A0007C01CA /* FeedDetailController.swift */,
			);
			path = Controllers;
			sourceTree = "<group>";
		};
		A8E3200C1CD4C92A009BFDF6 /* Models */ = {
			isa = PBXGroup;
			children = (
				A8E320151CD4CC7A009BFDF6 /* FeedItem.swift */,
			);
			path = Models;
			sourceTree = "<group>";
		};
		A8E3200D1CD4C92A009BFDF6 /* Utilities */ = {
			isa = PBXGroup;
			children = (
				A897A79C1CD7E1AC0026DE5D /* ImageCache.swift */,
				A8E320211CD698E9009BFDF6 /* SessionManager.swift */,
				A8E320191CD4D282009BFDF6 /* FlickrFeedManager.swift */,
				A8E3201F1CD69195009BFDF6 /* ImageDownloader.swift */,
				A8E3201B1CD4E2AE009BFDF6 /* RUUtility.swift */,
				A8E3200E1CD4C92A009BFDF6 /* Categories */,
			);
			path = Utilities;
			sourceTree = "<group>";
		};
		A8E3200E1CD4C92A009BFDF6 /* Categories */ = {
			isa = PBXGroup;
			children = (
				A8E3201D1CD4E6A8009BFDF6 /* RUExtensions.swift */,
			);
			path = Categories;
			sourceTree = "<group>";
		};
		A8E3200F1CD4C92A009BFDF6 /* Views */ = {
			isa = PBXGroup;
			children = (
				A8E320171CD4CC94009BFDF6 /* FeedItemCell.swift */,
			);
			path = Views;
			sourceTree = "<group>";
		};
		A8E320101CD4C94D009BFDF6 /* Resources */ = {
			isa = PBXGroup;
			children = (
			);
			path = Resources;
			sourceTree = "<group>";
		};
/* End PBXGroup section */

/* Begin PBXNativeTarget section */
		A8E31FE71CD4C797009BFDF6 /* FlickrFeed */ = {
			isa = PBXNativeTarget;
			buildConfigurationList = A8E320051CD4C797009BFDF6 /* Build configuration list for PBXNativeTarget "FlickrFeed" */;
			buildPhases = (
				A8E31FE41CD4C797009BFDF6 /* Sources */,
				A8E31FE51CD4C797009BFDF6 /* Frameworks */,
				A8E31FE61CD4C797009BFDF6 /* Resources */,
			);
			buildRules = (
			);
			dependencies = (
			);
			name = FlickrFeed;
			productName = FlickrFeed;
			productReference = A8E31FE81CD4C797009BFDF6 /* FlickrFeed.app */;
			productType = "com.apple.product-type.application";
		};
		A8E31FFB1CD4C797009BFDF6 /* FlickrFeedTests */ = {
			isa = PBXNativeTarget;
			buildConfigurationList = A8E320081CD4C797009BFDF6 /* Build configuration list for PBXNativeTarget "FlickrFeedTests" */;
			buildPhases = (
				A8E31FF81CD4C797009BFDF6 /* Sources */,
				A8E31FF91CD4C797009BFDF6 /* Frameworks */,
				A8E31FFA1CD4C797009BFDF6 /* Resources */,
			);
			buildRules = (
			);
			dependencies = (
				A8E31FFE1CD4C797009BFDF6 /* PBXTargetDependency */,
			);
			name = FlickrFeedTests;
			productName = FlickrFeedTests;
			productReference = A8E31FFC1CD4C797009BFDF6 /* FlickrFeedTests.xctest */;
			productType = "com.apple.product-type.bundle.unit-test";
		};
/* End PBXNativeTarget section */

/* Begin PBXProject section */
		A8E31FE01CD4C797009BFDF6 /* Project object */ = {
			isa = PBXProject;
			attributes = {
				LastSwiftUpdateCheck = 0730;
				LastUpgradeCheck = 0730;
				ORGANIZATIONNAME = "Arslan Raza";
				TargetAttributes = {
					A8E31FE71CD4C797009BFDF6 = {
						CreatedOnToolsVersion = 7.3;
						DevelopmentTeam = D9XEV4976T;
					};
					A8E31FFB1CD4C797009BFDF6 = {
						CreatedOnToolsVersion = 7.3;
						DevelopmentTeam = D9XEV4976T;
						TestTargetID = A8E31FE71CD4C797009BFDF6;
					};
				};
			};
			buildConfigurationList = A8E31FE31CD4C797009BFDF6 /* Build configuration list for PBXProject "FlickrFeed" */;
			compatibilityVersion = "Xcode 3.2";
			developmentRegion = English;
			hasScannedForEncodings = 0;
			knownRegions = (
				en,
				Base,
			);
			mainGroup = A8E31FDF1CD4C797009BFDF6;
			productRefGroup = A8E31FE91CD4C797009BFDF6 /* Products */;
			projectDirPath = "";
			projectRoot = "";
			targets = (
				A8E31FE71CD4C797009BFDF6 /* FlickrFeed */,
				A8E31FFB1CD4C797009BFDF6 /* FlickrFeedTests */,
			);
		};
/* End PBXProject section */

/* Begin PBXResourcesBuildPhase section */
		A8E31FE61CD4C797009BFDF6 /* Resources */ = {
			isa = PBXResourcesBuildPhase;
			buildActionMask = 2147483647;
			files = (
				A8E31FF61CD4C797009BFDF6 /* LaunchScreen.storyboard in Resources */,
				A8E31FF31CD4C797009BFDF6 /* Assets.xcassets in Resources */,
				A8E31FF11CD4C797009BFDF6 /* Main.storyboard in Resources */,
			);
			runOnlyForDeploymentPostprocessing = 0;
		};
		A8E31FFA1CD4C797009BFDF6 /* Resources */ = {
			isa = PBXResourcesBuildPhase;
			buildActionMask = 2147483647;
			files = (
			);
			runOnlyForDeploymentPostprocessing = 0;
		};
/* End PBXResourcesBuildPhase section */

/* Begin PBXSourcesBuildPhase section */
		A8E31FE41CD4C797009BFDF6 /* Sources */ = {
			isa = PBXSourcesBuildPhase;
			buildActionMask = 2147483647;
			files = (
				A897A79D1CD7E1AC0026DE5D /* ImageCache.swift in Sources */,
				A8E320161CD4CC7A009BFDF6 /* FeedItem.swift in Sources */,
				A8E31FEC1CD4C797009BFDF6 /* AppDelegate.swift in Sources */,
				A8E3201A1CD4D282009BFDF6 /* FlickrFeedManager.swift in Sources */,
				A813DAA51CD8C8A0007C01CA /* FeedDetailController.swift in Sources */,
				A8E320201CD69195009BFDF6 /* ImageDownloader.swift in Sources */,
				A8E320141CD4CA28009BFDF6 /* FeedsViewController.swift in Sources */,
				A8E3201E1CD4E6A8009BFDF6 /* RUExtensions.swift in Sources */,
				A8E320121CD4C9A5009BFDF6 /* Constants.swift in Sources */,
				A8E320181CD4CC94009BFDF6 /* FeedItemCell.swift in Sources */,
				A8E320221CD698E9009BFDF6 /* SessionManager.swift in Sources */,
				A8E3201C1CD4E2AE009BFDF6 /* RUUtility.swift in Sources */,
			);
			runOnlyForDeploymentPostprocessing = 0;
		};
		A8E31FF81CD4C797009BFDF6 /* Sources */ = {
			isa = PBXSourcesBuildPhase;
			buildActionMask = 2147483647;
			files = (
				A8E320011CD4C797009BFDF6 /* FlickrFeedTests.swift in Sources */,
			);
			runOnlyForDeploymentPostprocessing = 0;
		};
/* End PBXSourcesBuildPhase section */

/* Begin PBXTargetDependency section */
		A8E31FFE1CD4C797009BFDF6 /* PBXTargetDependency */ = {
			isa = PBXTargetDependency;
			target = A8E31FE71CD4C797009BFDF6 /* FlickrFeed */;
			targetProxy = A8E31FFD1CD4C797009BFDF6 /* PBXContainerItemProxy */;
		};
/* End PBXTargetDependency section */

/* Begin PBXVariantGroup section */
		A8E31FEF1CD4C797009BFDF6 /* Main.storyboard */ = {
			isa = PBXVariantGroup;
			children = (
				A8E31FF01CD4C797009BFDF6 /* Base */,
			);
			name = Main.storyboard;
			sourceTree = "<group>";
		};
		A8E31FF41CD4C797009BFDF6 /* LaunchScreen.storyboard */ = {
			isa = PBXVariantGroup;
			children = (
				A8E31FF51CD4C797009BFDF6 /* Base */,
			);
			name = LaunchScreen.storyboard;
			sourceTree = "<group>";
		};
/* End PBXVariantGroup section */

/* Begin XCBuildConfiguration section */
		A8E320031CD4C797009BFDF6 /* Debug */ = {
			isa = XCBuildConfiguration;
			buildSettings = {
				ALWAYS_SEARCH_USER_PATHS = NO;
				CLANG_ANALYZER_NONNULL = YES;
				CLANG_CXX_LANGUAGE_STANDARD = "gnu++0x";
				CLANG_CXX_LIBRARY = "libc++";
				CLANG_ENABLE_MODULES = YES;
				CLANG_ENABLE_OBJC_ARC = YES;
				CLANG_WARN_BOOL_CONVERSION = YES;
				CLANG_WARN_CONSTANT_CONVERSION = YES;
				CLANG_WARN_DIRECT_OBJC_ISA_USAGE = YES_ERROR;
				CLANG_WARN_EMPTY_BODY = YES;
				CLANG_WARN_ENUM_CONVERSION = YES;
				CLANG_WARN_INT_CONVERSION = YES;
				CLANG_WARN_OBJC_ROOT_CLASS = YES_ERROR;
				CLANG_WARN_UNREACHABLE_CODE = YES;
				CLANG_WARN__DUPLICATE_METHOD_MATCH = YES;
				"CODE_SIGN_IDENTITY[sdk=iphoneos*]" = "iPhone Developer";
				COPY_PHASE_STRIP = NO;
				DEBUG_INFORMATION_FORMAT = dwarf;
				ENABLE_STRICT_OBJC_MSGSEND = YES;
				ENABLE_TESTABILITY = YES;
				GCC_C_LANGUAGE_STANDARD = gnu99;
				GCC_DYNAMIC_NO_PIC = NO;
				GCC_NO_COMMON_BLOCKS = YES;
				GCC_OPTIMIZATION_LEVEL = 0;
				GCC_PREPROCESSOR_DEFINITIONS = (
					"DEBUG=1",
					"$(inherited)",
				);
				GCC_WARN_64_TO_32_BIT_CONVERSION = YES;
				GCC_WARN_ABOUT_RETURN_TYPE = YES_ERROR;
				GCC_WARN_UNDECLARED_SELECTOR = YES;
				GCC_WARN_UNINITIALIZED_AUTOS = YES_AGGRESSIVE;
				GCC_WARN_UNUSED_FUNCTION = YES;
				GCC_WARN_UNUSED_VARIABLE = YES;
				IPHONEOS_DEPLOYMENT_TARGET = 9.3;
				MTL_ENABLE_DEBUG_INFO = YES;
				ONLY_ACTIVE_ARCH = YES;
				SDKROOT = iphoneos;
				SWIFT_OPTIMIZATION_LEVEL = "-Onone";
			};
			name = Debug;
		};
		A8E320041CD4C797009BFDF6 /* Release */ = {
			isa = XCBuildConfiguration;
			buildSettings = {
				ALWAYS_SEARCH_USER_PATHS = NO;
				CLANG_ANALYZER_NONNULL = YES;
				CLANG_CXX_LANGUAGE_STANDARD = "gnu++0x";
				CLANG_CXX_LIBRARY = "libc++";
				CLANG_ENABLE_MODULES = YES;
				CLANG_ENABLE_OBJC_ARC = YES;
				CLANG_WARN_BOOL_CONVERSION = YES;
				CLANG_WARN_CONSTANT_CONVERSION = YES;
				CLANG_WARN_DIRECT_OBJC_ISA_USAGE = YES_ERROR;
				CLANG_WARN_EMPTY_BODY = YES;
				CLANG_WARN_ENUM_CONVERSION = YES;
				CLANG_WARN_INT_CONVERSION = YES;
				CLANG_WARN_OBJC_ROOT_CLASS = YES_ERROR;
				CLANG_WARN_UNREACHABLE_CODE = YES;
				CLANG_WARN__DUPLICATE_METHOD_MATCH = YES;
				"CODE_SIGN_IDENTITY[sdk=iphoneos*]" = "iPhone Developer";
				COPY_PHASE_STRIP = NO;
				DEBUG_INFORMATION_FORMAT = "dwarf-with-dsym";
				ENABLE_NS_ASSERTIONS = NO;
				ENABLE_STRICT_OBJC_MSGSEND = YES;
				GCC_C_LANGUAGE_STANDARD = gnu99;
				GCC_NO_COMMON_BLOCKS = YES;
				GCC_WARN_64_TO_32_BIT_CONVERSION = YES;
				GCC_WARN_ABOUT_RETURN_TYPE = YES_ERROR;
				GCC_WARN_UNDECLARED_SELECTOR = YES;
				GCC_WARN_UNINITIALIZED_AUTOS = YES_AGGRESSIVE;
				GCC_WARN_UNUSED_FUNCTION = YES;
				GCC_WARN_UNUSED_VARIABLE = YES;
				IPHONEOS_DEPLOYMENT_TARGET = 9.3;
				MTL_ENABLE_DEBUG_INFO = NO;
				SDKROOT = iphoneos;
				VALIDATE_PRODUCT = YES;
			};
			name = Release;
		};
		A8E320061CD4C797009BFDF6 /* Debug */ = {
			isa = XCBuildConfiguration;
			buildSettings = {
				ASSETCATALOG_COMPILER_APPICON_NAME = AppIcon;
				INFOPLIST_FILE = FlickrFeed/Info.plist;
				LD_RUNPATH_SEARCH_PATHS = "$(inherited) @executable_path/Frameworks";
				PRODUCT_BUNDLE_IDENTIFIER = com.arslanraza.FlickrFeed;
				PRODUCT_NAME = "$(TARGET_NAME)";
			};
			name = Debug;
		};
		A8E320071CD4C797009BFDF6 /* Release */ = {
			isa = XCBuildConfiguration;
			buildSettings = {
				ASSETCATALOG_COMPILER_APPICON_NAME = AppIcon;
				INFOPLIST_FILE = FlickrFeed/Info.plist;
				LD_RUNPATH_SEARCH_PATHS = "$(inherited) @executable_path/Frameworks";
				PRODUCT_BUNDLE_IDENTIFIER = com.arslanraza.FlickrFeed;
				PRODUCT_NAME = "$(TARGET_NAME)";
			};
			name = Release;
		};
		A8E320091CD4C797009BFDF6 /* Debug */ = {
			isa = XCBuildConfiguration;
			buildSettings = {
				BUNDLE_LOADER = "$(TEST_HOST)";
				INFOPLIST_FILE = FlickrFeedTests/Info.plist;
				LD_RUNPATH_SEARCH_PATHS = "$(inherited) @executable_path/Frameworks @loader_path/Frameworks";
				PRODUCT_BUNDLE_IDENTIFIER = com.arslanraza.FlickrFeedTests;
				PRODUCT_NAME = "$(TARGET_NAME)";
				TEST_HOST = "$(BUILT_PRODUCTS_DIR)/FlickrFeed.app/FlickrFeed";
			};
			name = Debug;
		};
		A8E3200A1CD4C797009BFDF6 /* Release */ = {
			isa = XCBuildConfiguration;
			buildSettings = {
				BUNDLE_LOADER = "$(TEST_HOST)";
				INFOPLIST_FILE = FlickrFeedTests/Info.plist;
				LD_RUNPATH_SEARCH_PATHS = "$(inherited) @executable_path/Frameworks @loader_path/Frameworks";
				PRODUCT_BUNDLE_IDENTIFIER = com.arslanraza.FlickrFeedTests;
				PRODUCT_NAME = "$(TARGET_NAME)";
				TEST_HOST = "$(BUILT_PRODUCTS_DIR)/FlickrFeed.app/FlickrFeed";
			};
			name = Release;
		};
/* End XCBuildConfiguration section */

/* Begin XCConfigurationList section */
		A8E31FE31CD4C797009BFDF6 /* Build configuration list for PBXProject "FlickrFeed" */ = {
			isa = XCConfigurationList;
			buildConfigurations = (
				A8E320031CD4C797009BFDF6 /* Debug */,
				A8E320041CD4C797009BFDF6 /* Release */,
			);
			defaultConfigurationIsVisible = 0;
			defaultConfigurationName = Release;
		};
		A8E320051CD4C797009BFDF6 /* Build configuration list for PBXNativeTarget "FlickrFeed" */ = {
			isa = XCConfigurationList;
			buildConfigurations = (
				A8E320061CD4C797009BFDF6 /* Debug */,
				A8E320071CD4C797009BFDF6 /* Release */,
			);
			defaultConfigurationIsVisible = 0;
			defaultConfigurationName = Release;
		};
		A8E320081CD4C797009BFDF6 /* Build configuration list for PBXNativeTarget "FlickrFeedTests" */ = {
			isa = XCConfigurationList;
			buildConfigurations = (
				A8E320091CD4C797009BFDF6 /* Debug */,
				A8E3200A1CD4C797009BFDF6 /* Release */,
			);
			defaultConfigurationIsVisible = 0;
			defaultConfigurationName = Release;
		};
/* End XCConfigurationList section */
	};
	rootObject = A8E31FE01CD4C797009BFDF6 /* Project object */;
}
